
Microsoft Visual Studio Solution File, Format Version 12.00
# Visual Studio Version 17
VisualStudioVersion = 17.9.34728.123
MinimumVisualStudioVersion = 10.0.40219.1
Project("{FAE04EC0-301F-11D3-BF4B-00C04F79EFBC}") = "Simple Dashboard with ASP Dot Net", "Simple Dashboard with ASP Dot Net\Simple Dashboard with ASP Dot Net.csproj", "{6ACDFE5C-06F7-467D-BB35-0EBC0194E0B9}"
EndProject
Global
	GlobalSection(SolutionConfigurationPlatforms) = preSolution
		Debug|Any CPU = Debug|Any CPU
		Release|Any CPU = Release|Any CPU
	EndGlobalSection
	GlobalSection(ProjectConfigurationPlatforms) = postSolution
		{6ACDFE5C-06F7-467D-BB35-0EBC0194E0B9}.Debug|Any CPU.ActiveCfg = Debug|Any CPU
		{6ACDFE5C-06F7-467D-BB35-0EBC0194E0B9}.Debug|Any CPU.Build.0 = Debug|Any CPU
		{6ACDFE5C-06F7-467D-BB35-0EBC0194E0B9}.Release|Any CPU.ActiveCfg = Release|Any CPU
		{6ACDFE5C-06F7-467D-BB35-0EBC0194E0B9}.Release|Any CPU.Build.0 = Release|Any CPU
	EndGlobalSection
	GlobalSection(SolutionProperties) = preSolution
		HideSolutionNode = FALSE
	EndGlobalSection
	GlobalSection(ExtensibilityGlobals) = postSolution
		SolutionGuid = {930D43A8-D6CC-4ECB-926D-577EB2750D59}
	EndGlobalSection
EndGlobal
